<<<<<<< HEAD

Microsoft Visual Studio Solution File, Format Version 12.00
# Visual Studio 2012
Project("{FAE04EC0-301F-11D3-BF4B-00C04F79EFBC}") = "TextUtils", "TextUtils\TextUtils.csproj", "{9C703BFC-92CA-4A8E-98DA-97B2BA746510}"
EndProject
Project("{FAE04EC0-301F-11D3-BF4B-00C04F79EFBC}") = "TestLibrary", "TestLibrary\TestLibrary.csproj", "{49E0465E-D34E-4A6C-BB72-8F791362C4A4}"
EndProject
Global
	GlobalSection(SolutionConfigurationPlatforms) = preSolution
		Debug|Any CPU = Debug|Any CPU
		Release|Any CPU = Release|Any CPU
	EndGlobalSection
	GlobalSection(ProjectConfigurationPlatforms) = postSolution
		{9C703BFC-92CA-4A8E-98DA-97B2BA746510}.Debug|Any CPU.ActiveCfg = Debug|Any CPU
		{9C703BFC-92CA-4A8E-98DA-97B2BA746510}.Debug|Any CPU.Build.0 = Debug|Any CPU
		{9C703BFC-92CA-4A8E-98DA-97B2BA746510}.Release|Any CPU.ActiveCfg = Release|Any CPU
		{9C703BFC-92CA-4A8E-98DA-97B2BA746510}.Release|Any CPU.Build.0 = Release|Any CPU
		{49E0465E-D34E-4A6C-BB72-8F791362C4A4}.Debug|Any CPU.ActiveCfg = Debug|Any CPU
		{49E0465E-D34E-4A6C-BB72-8F791362C4A4}.Debug|Any CPU.Build.0 = Debug|Any CPU
		{49E0465E-D34E-4A6C-BB72-8F791362C4A4}.Release|Any CPU.ActiveCfg = Release|Any CPU
		{49E0465E-D34E-4A6C-BB72-8F791362C4A4}.Release|Any CPU.Build.0 = Release|Any CPU
	EndGlobalSection
EndGlobal
=======

Microsoft Visual Studio Solution File, Format Version 12.00
# Visual Studio 2012
Project("{FAE04EC0-301F-11D3-BF4B-00C04F79EFBC}") = "TextUtils", "TextUtils\TextUtils.csproj", "{9C703BFC-92CA-4A8E-98DA-97B2BA746510}"
EndProject
Project("{FAE04EC0-301F-11D3-BF4B-00C04F79EFBC}") = "TestLibrary", "TestLibrary\TestLibrary.csproj", "{49E0465E-D34E-4A6C-BB72-8F791362C4A4}"
EndProject
Global
	GlobalSection(SolutionConfigurationPlatforms) = preSolution
		Debug|Any CPU = Debug|Any CPU
		Release|Any CPU = Release|Any CPU
	EndGlobalSection
	GlobalSection(ProjectConfigurationPlatforms) = postSolution
		{9C703BFC-92CA-4A8E-98DA-97B2BA746510}.Debug|Any CPU.ActiveCfg = Debug|Any CPU
		{9C703BFC-92CA-4A8E-98DA-97B2BA746510}.Debug|Any CPU.Build.0 = Debug|Any CPU
		{9C703BFC-92CA-4A8E-98DA-97B2BA746510}.Release|Any CPU.ActiveCfg = Release|Any CPU
		{9C703BFC-92CA-4A8E-98DA-97B2BA746510}.Release|Any CPU.Build.0 = Release|Any CPU
		{49E0465E-D34E-4A6C-BB72-8F791362C4A4}.Debug|Any CPU.ActiveCfg = Debug|Any CPU
		{49E0465E-D34E-4A6C-BB72-8F791362C4A4}.Debug|Any CPU.Build.0 = Debug|Any CPU
		{49E0465E-D34E-4A6C-BB72-8F791362C4A4}.Release|Any CPU.ActiveCfg = Release|Any CPU
		{49E0465E-D34E-4A6C-BB72-8F791362C4A4}.Release|Any CPU.Build.0 = Release|Any CPU
	EndGlobalSection
EndGlobal
>>>>>>> a_man_screams
